
Microsoft Visual Studio Solution File, Format Version 11.00
# Visual Studio 2010
Project("{FAE04EC0-301F-11D3-BF4B-00C04F79EFBC}") = "SIMClear", "SIMClear\SIMClear.csproj", "{05B72F3B-A0E1-49D0-993F-B4D45179CE60}"
EndProject
Global
	GlobalSection(SolutionConfigurationPlatforms) = preSolution
		Debug|Any CPU = Debug|Any CPU
		Debug|x86 = Debug|x86
		Release|Any CPU = Release|Any CPU
		Release|x86 = Release|x86
	EndGlobalSection
	GlobalSection(ProjectConfigurationPlatforms) = postSolution
		{05B72F3B-A0E1-49D0-993F-B4D45179CE60}.Debug|Any CPU.ActiveCfg = Debug|Any CPU
		{05B72F3B-A0E1-49D0-993F-B4D45179CE60}.Debug|Any CPU.Build.0 = Debug|Any CPU
		{05B72F3B-A0E1-49D0-993F-B4D45179CE60}.Debug|x86.ActiveCfg = Debug|x86
		{05B72F3B-A0E1-49D0-993F-B4D45179CE60}.Debug|x86.Build.0 = Debug|x86
		{05B72F3B-A0E1-49D0-993F-B4D45179CE60}.Release|Any CPU.ActiveCfg = Release|Any CPU
		{05B72F3B-A0E1-49D0-993F-B4D45179CE60}.Release|Any CPU.Build.0 = Release|Any CPU
		{05B72F3B-A0E1-49D0-993F-B4D45179CE60}.Release|x86.ActiveCfg = Release|x86
		{05B72F3B-A0E1-49D0-993F-B4D45179CE60}.Release|x86.Build.0 = Release|x86
	EndGlobalSection
	GlobalSection(SolutionProperties) = preSolution
		HideSolutionNode = FALSE
	EndGlobalSection
	GlobalSection(ExtensibilityGlobals) = postSolution
		VisualSVNWorkingCopyRoot = .
	EndGlobalSection
EndGlobal
